
Microsoft Visual Studio Solution File, Format Version 12.00
# Visual Studio Version 17
VisualStudioVersion = 17.6.33723.286
MinimumVisualStudioVersion = 10.0.40219.1
Project("{9A19103F-16F7-4668-BE54-9A1E7A4F7556}") = "DllExportScanner", "DllExportScanner\DllExportScanner.csproj", "{677118CC-5310-4D66-9635-B24F3A01A526}"
EndProject
Project("{FAE04EC0-301F-11D3-BF4B-00C04F79EFBC}") = "DllExportScanner.Tests", "DllExportScanner.Tests\DllExportScanner.Tests.csproj", "{C0AC49E0-2A7B-4871-9798-71C681769C70}"
EndProject
Global
	GlobalSection(SolutionConfigurationPlatforms) = preSolution
		Debug|Any CPU = Debug|Any CPU
		Release|Any CPU = Release|Any CPU
	EndGlobalSection
	GlobalSection(ProjectConfigurationPlatforms) = postSolution
		{677118CC-5310-4D66-9635-B24F3A01A526}.Debug|Any CPU.ActiveCfg = Debug|Any CPU
		{677118CC-5310-4D66-9635-B24F3A01A526}.Debug|Any CPU.Build.0 = Debug|Any CPU
		{677118CC-5310-4D66-9635-B24F3A01A526}.Release|Any CPU.ActiveCfg = Release|Any CPU
		{677118CC-5310-4D66-9635-B24F3A01A526}.Release|Any CPU.Build.0 = Release|Any CPU
		{C0AC49E0-2A7B-4871-9798-71C681769C70}.Debug|Any CPU.ActiveCfg = Debug|Any CPU
		{C0AC49E0-2A7B-4871-9798-71C681769C70}.Debug|Any CPU.Build.0 = Debug|Any CPU
		{C0AC49E0-2A7B-4871-9798-71C681769C70}.Release|Any CPU.ActiveCfg = Release|Any CPU
		{C0AC49E0-2A7B-4871-9798-71C681769C70}.Release|Any CPU.Build.0 = Release|Any CPU
	EndGlobalSection
	GlobalSection(SolutionProperties) = preSolution
		HideSolutionNode = FALSE
	EndGlobalSection
	GlobalSection(ExtensibilityGlobals) = postSolution
		SolutionGuid = {ADF1393B-797C-4302-99B5-6B473E2B0CA6}
	EndGlobalSection
EndGlobal
